# THIS IS AN AUTOGENERATED FILE. DO NOT EDIT THIS FILE DIRECTLY.
# yarn lockfile v1


"@babel/code-frame@^7.0.0":
  version "7.16.7"
  resolved "https://registry.npmjs.org/@babel/code-frame/-/code-frame-7.16.7.tgz"
  dependencies:
    "@babel/highlight" "^7.16.7"

"@babel/helper-plugin-utils@^7.14.5":
  version "7.16.7"
  resolved "https://registry.npmjs.org/@babel/helper-plugin-utils/-/helper-plugin-utils-7.16.7.tgz"

"@babel/helper-validator-identifier@^7.14.9", "@babel/helper-validator-identifier@^7.16.7":
  version "7.16.7"
  resolved "https://registry.npmjs.org/@babel/helper-validator-identifier/-/helper-validator-identifier-7.16.7.tgz"

"@babel/highlight@^7.16.7":
  version "7.16.7"
  resolved "https://registry.npmjs.org/@babel/highlight/-/highlight-7.16.7.tgz"
  dependencies:
    "@babel/helper-validator-identifier" "^7.16.7"
    chalk "^2.0.0"
    js-tokens "^4.0.0"

"@babel/plugin-syntax-jsx@7.14.5":
  version "7.14.5"
  resolved "https://registry.npmjs.org/@babel/plugin-syntax-jsx/-/plugin-syntax-jsx-7.14.5.tgz"
  dependencies:
    "@babel/helper-plugin-utils" "^7.14.5"

"@babel/types@7.15.0":
  version "7.15.0"
  resolved "https://registry.npmjs.org/@babel/types/-/types-7.15.0.tgz"
  dependencies:
    "@babel/helper-validator-identifier" "^7.14.9"
    to-fast-properties "^2.0.0"

"@next/env@12.0.8":
  version "12.0.8"
  resolved "https://registry.npmjs.org/@next/env/-/env-12.0.8.tgz"

"@next/react-refresh-utils@12.0.8":
  version "12.0.8"
  resolved "https://registry.npmjs.org/@next/react-refresh-utils/-/react-refresh-utils-12.0.8.tgz"

"@next/swc-android-arm64@12.0.8":
  version "12.0.8"
  resolved "https://registry.yarnpkg.com/@next/swc-android-arm64/-/swc-android-arm64-12.0.8.tgz#f8dc9663da367a75982730cac058339fb310d79a"

"@next/swc-darwin-arm64@12.0.8":
  version "12.0.8"
  resolved "https://registry.yarnpkg.com/@next/swc-darwin-arm64/-/swc-darwin-arm64-12.0.8.tgz#d6aced7d0a04815dd1324e7982accb3de6a643e8"

"@next/swc-darwin-x64@12.0.8":
  version "12.0.8"
  resolved "https://registry.yarnpkg.com/@next/swc-darwin-x64/-/swc-darwin-x64-12.0.8.tgz#f4fe58d2ed852538410b15a0c80d78908050c716"

"@next/swc-linux-arm-gnueabihf@12.0.8":
  version "12.0.8"
  resolved "https://registry.yarnpkg.com/@next/swc-linux-arm-gnueabihf/-/swc-linux-arm-gnueabihf-12.0.8.tgz#2c02d824fb46e8c6094d7e758c5d7e965070f574"

"@next/swc-linux-arm64-gnu@12.0.8":
  version "12.0.8"
  resolved "https://registry.yarnpkg.com/@next/swc-linux-arm64-gnu/-/swc-linux-arm64-gnu-12.0.8.tgz#fc32caf3373b299558ede1d889e8555b9ba10ffb"

"@next/swc-linux-arm64-musl@12.0.8":
  version "12.0.8"
  resolved "https://registry.yarnpkg.com/@next/swc-linux-arm64-musl/-/swc-linux-arm64-musl-12.0.8.tgz#c2d3d7bc2c34da81412b74bdd6e11d0615ae1886"

"@next/swc-linux-x64-gnu@12.0.8":
  version "12.0.8"
  resolved "https://registry.npmjs.org/@next/swc-linux-x64-gnu/-/swc-linux-x64-gnu-12.0.8.tgz"

"@next/swc-linux-x64-musl@12.0.8":
  version "12.0.8"
  resolved "https://registry.npmjs.org/@next/swc-linux-x64-musl/-/swc-linux-x64-musl-12.0.8.tgz"

"@next/swc-win32-arm64-msvc@12.0.8":
  version "12.0.8"
  resolved "https://registry.yarnpkg.com/@next/swc-win32-arm64-msvc/-/swc-win32-arm64-msvc-12.0.8.tgz#f33e2e56a96489935f87c6dd28f79a7b7ed3778f"

"@next/swc-win32-ia32-msvc@12.0.8":
  version "12.0.8"
  resolved "https://registry.yarnpkg.com/@next/swc-win32-ia32-msvc/-/swc-win32-ia32-msvc-12.0.8.tgz#0f6c7f3e50fc1a4752aed5c862f53c86ce77e3b8"

"@next/swc-win32-x64-msvc@12.0.8":
  version "12.0.8"
  resolved "https://registry.yarnpkg.com/@next/swc-win32-x64-msvc/-/swc-win32-x64-msvc-12.0.8.tgz#eae6d4c94dc8aae8ba177e2de02080339d0d4563"

"@nodelib/fs.scandir@2.1.5":
  version "2.1.5"
  resolved "https://registry.npmjs.org/@nodelib/fs.scandir/-/fs.scandir-2.1.5.tgz"
  dependencies:
    "@nodelib/fs.stat" "2.0.5"
    run-parallel "^1.1.9"

"@nodelib/fs.stat@2.0.5", "@nodelib/fs.stat@^2.0.2":
  version "2.0.5"
  resolved "https://registry.npmjs.org/@nodelib/fs.stat/-/fs.stat-2.0.5.tgz"

"@nodelib/fs.walk@^1.2.3":
  version "1.2.8"
  resolved "https://registry.npmjs.org/@nodelib/fs.walk/-/fs.walk-1.2.8.tgz"
  dependencies:
    "@nodelib/fs.scandir" "2.1.5"
    fastq "^1.6.0"

"@sendgrid/client@^7.7.0":
  version "7.7.0"
  resolved "https://registry.yarnpkg.com/@sendgrid/client/-/client-7.7.0.tgz#f8f67abd604205a0d0b1af091b61517ef465fdbf"
  dependencies:
    "@sendgrid/helpers" "^7.7.0"
    axios "^0.26.0"

"@sendgrid/helpers@^7.7.0":
  version "7.7.0"
  resolved "https://registry.yarnpkg.com/@sendgrid/helpers/-/helpers-7.7.0.tgz#93fb4b6e2f0dc65080440d6a784cc93e8e148757"
  dependencies:
    deepmerge "^4.2.2"

"@sendgrid/mail@^7.7.0":
  version "7.7.0"
  resolved "https://registry.yarnpkg.com/@sendgrid/mail/-/mail-7.7.0.tgz#aba09f5ce2e9d8ceee92284c3ea8b4a90b0e38fe"
  dependencies:
    "@sendgrid/client" "^7.7.0"
    "@sendgrid/helpers" "^7.7.0"

"@types/node@*":
  version "17.0.12"
  resolved "https://registry.npmjs.org/@types/node/-/node-17.0.12.tgz"

"@types/parse-json@^4.0.0":
  version "4.0.0"
  resolved "https://registry.npmjs.org/@types/parse-json/-/parse-json-4.0.0.tgz"

"@types/prop-types@*":
  version "15.7.4"
  resolved "https://registry.npmjs.org/@types/prop-types/-/prop-types-15.7.4.tgz"

"@types/react@^17.0.38":
  version "17.0.38"
  resolved "https://registry.npmjs.org/@types/react/-/react-17.0.38.tgz"
  dependencies:
    "@types/prop-types" "*"
    "@types/scheduler" "*"
    csstype "^3.0.2"

"@types/scheduler@*":
  version "0.16.2"
  resolved "https://registry.npmjs.org/@types/scheduler/-/scheduler-0.16.2.tgz"

acorn-node@^1.6.1:
  version "1.8.2"
  resolved "https://registry.npmjs.org/acorn-node/-/acorn-node-1.8.2.tgz"
  dependencies:
    acorn "^7.0.0"
    acorn-walk "^7.0.0"
    xtend "^4.0.2"

acorn-walk@^7.0.0:
  version "7.2.0"
  resolved "https://registry.npmjs.org/acorn-walk/-/acorn-walk-7.2.0.tgz"

acorn@^7.0.0:
  version "7.4.1"
  resolved "https://registry.npmjs.org/acorn/-/acorn-7.4.1.tgz"

ansi-styles@^3.2.1:
  version "3.2.1"
  resolved "https://registry.npmjs.org/ansi-styles/-/ansi-styles-3.2.1.tgz"
  dependencies:
    color-convert "^1.9.0"

ansi-styles@^4.1.0:
  version "4.3.0"
  resolved "https://registry.npmjs.org/ansi-styles/-/ansi-styles-4.3.0.tgz"
  dependencies:
    color-convert "^2.0.1"

anymatch@~3.1.2:
  version "3.1.2"
  resolved "https://registry.npmjs.org/anymatch/-/anymatch-3.1.2.tgz"
  dependencies:
    normalize-path "^3.0.0"
    picomatch "^2.0.4"

arg@^5.0.0:
  version "5.0.0"
  resolved "https://registry.npmjs.org/arg/-/arg-5.0.0.tgz"

asynckit@^0.4.0:
  version "0.4.0"
  resolved "https://registry.npmjs.org/asynckit/-/asynckit-0.4.0.tgz"

autoprefixer@^10.4.7:
  version "10.4.7"
  resolved "https://registry.yarnpkg.com/autoprefixer/-/autoprefixer-10.4.7.tgz#1db8d195f41a52ca5069b7593be167618edbbedf"
  dependencies:
    browserslist "^4.20.3"
    caniuse-lite "^1.0.30001335"
    fraction.js "^4.2.0"
    normalize-range "^0.1.2"
    picocolors "^1.0.0"
    postcss-value-parser "^4.2.0"

axios@^0.21.1:
  version "0.21.4"
  resolved "https://registry.npmjs.org/axios/-/axios-0.21.4.tgz"
  dependencies:
    follow-redirects "^1.14.0"

axios@^0.26.0:
  version "0.26.1"
  resolved "https://registry.yarnpkg.com/axios/-/axios-0.26.1.tgz#1ede41c51fcf51bbbd6fd43669caaa4f0495aaa9"
  dependencies:
    follow-redirects "^1.14.8"

balanced-match@^1.0.0:
  version "1.0.2"
  resolved "https://registry.npmjs.org/balanced-match/-/balanced-match-1.0.2.tgz"

big.js@^5.2.2:
  version "5.2.2"
  resolved "https://registry.npmjs.org/big.js/-/big.js-5.2.2.tgz"

binary-extensions@^2.0.0:
  version "2.2.0"
  resolved "https://registry.npmjs.org/binary-extensions/-/binary-extensions-2.2.0.tgz"

brace-expansion@^1.1.7:
  version "1.1.11"
  resolved "https://registry.npmjs.org/brace-expansion/-/brace-expansion-1.1.11.tgz"
  dependencies:
    balanced-match "^1.0.0"
    concat-map "0.0.1"

braces@^3.0.1, braces@~3.0.2:
  version "3.0.2"
  resolved "https://registry.npmjs.org/braces/-/braces-3.0.2.tgz"
  dependencies:
    fill-range "^7.0.1"

browserslist@^4.20.3:
  version "4.21.2"
  resolved "https://registry.yarnpkg.com/browserslist/-/browserslist-4.21.2.tgz#59a400757465535954946a400b841ed37e2b4ecf"
  dependencies:
    caniuse-lite "^1.0.30001366"
    electron-to-chromium "^1.4.188"
    node-releases "^2.0.6"
    update-browserslist-db "^1.0.4"

bytes@^3.0.0:
  version "3.1.0"
  resolved "https://registry.npmjs.org/bytes/-/bytes-3.1.0.tgz"

callsites@^3.0.0:
  version "3.1.0"
  resolved "https://registry.npmjs.org/callsites/-/callsites-3.1.0.tgz"

camelcase-css@^2.0.1:
  version "2.0.1"
  resolved "https://registry.npmjs.org/camelcase-css/-/camelcase-css-2.0.1.tgz"

caniuse-lite@^1.0.30001283, caniuse-lite@^1.0.30001335, caniuse-lite@^1.0.30001366:
  version "1.0.30001366"
  resolved "https://registry.yarnpkg.com/caniuse-lite/-/caniuse-lite-1.0.30001366.tgz#c73352c83830a9eaf2dea0ff71fb4b9a4bbaa89c"

chalk@^2.0.0:
  version "2.4.2"
  resolved "https://registry.npmjs.org/chalk/-/chalk-2.4.2.tgz"
  dependencies:
    ansi-styles "^3.2.1"
    escape-string-regexp "^1.0.5"
    supports-color "^5.3.0"

chalk@^4.1.1:
  version "4.1.2"
  resolved "https://registry.npmjs.org/chalk/-/chalk-4.1.2.tgz"
  dependencies:
    ansi-styles "^4.1.0"
    supports-color "^7.1.0"

chokidar@^3.5.2:
  version "3.5.2"
  resolved "https://registry.npmjs.org/chokidar/-/chokidar-3.5.2.tgz"
  dependencies:
    anymatch "~3.1.2"
    braces "~3.0.2"
    glob-parent "~5.1.2"
    is-binary-path "~2.1.0"
    is-glob "~4.0.1"
    normalize-path "~3.0.0"
    readdirp "~3.6.0"
  optionalDependencies:
    fsevents "~2.3.2"

color-convert@^1.9.0, color-convert@^1.9.3:
  version "1.9.3"
  resolved "https://registry.npmjs.org/color-convert/-/color-convert-1.9.3.tgz"
  dependencies:
    color-name "1.1.3"

color-convert@^2.0.1:
  version "2.0.1"
  resolved "https://registry.npmjs.org/color-convert/-/color-convert-2.0.1.tgz"
  dependencies:
    color-name "~1.1.4"

color-name@1.1.3, color-name@^1.0.0:
  version "1.1.3"
  resolved "https://registry.npmjs.org/color-name/-/color-name-1.1.3.tgz"

color-name@~1.1.4:
  version "1.1.4"
  resolved "https://registry.npmjs.org/color-name/-/color-name-1.1.4.tgz"

color-string@^1.6.0:
  version "1.6.0"
  resolved "https://registry.npmjs.org/color-string/-/color-string-1.6.0.tgz"
  dependencies:
    color-name "^1.0.0"
    simple-swizzle "^0.2.2"

color@^3.2.0:
  version "3.2.1"
  resolved "https://registry.npmjs.org/color/-/color-3.2.1.tgz"
  dependencies:
    color-convert "^1.9.3"
    color-string "^1.6.0"

colorette@^1.2.2:
  version "1.2.2"
  resolved "https://registry.npmjs.org/colorette/-/colorette-1.2.2.tgz"

combined-stream@^1.0.8:
  version "1.0.8"
  resolved "https://registry.npmjs.org/combined-stream/-/combined-stream-1.0.8.tgz"
  dependencies:
    delayed-stream "~1.0.0"

commander@^6.0.0:
  version "6.2.1"
  resolved "https://registry.npmjs.org/commander/-/commander-6.2.1.tgz"

concat-map@0.0.1:
  version "0.0.1"
  resolved "https://registry.npmjs.org/concat-map/-/concat-map-0.0.1.tgz"

convert-source-map@1.7.0:
  version "1.7.0"
  resolved "https://registry.npmjs.org/convert-source-map/-/convert-source-map-1.7.0.tgz"
  dependencies:
    safe-buffer "~5.1.1"

cosmiconfig@^7.0.0:
  version "7.0.0"
  resolved "https://registry.npmjs.org/cosmiconfig/-/cosmiconfig-7.0.0.tgz"
  dependencies:
    "@types/parse-json" "^4.0.0"
    import-fresh "^3.2.1"
    parse-json "^5.0.0"
    path-type "^4.0.0"
    yaml "^1.10.0"

cross-fetch@^3.1.5:
  version "3.1.5"
  resolved "https://registry.yarnpkg.com/cross-fetch/-/cross-fetch-3.1.5.tgz#e1389f44d9e7ba767907f7af8454787952ab534f"
  dependencies:
    node-fetch "2.6.7"

css-unit-converter@^1.1.1:
  version "1.1.2"
  resolved "https://registry.npmjs.org/css-unit-converter/-/css-unit-converter-1.1.2.tgz"

cssesc@^3.0.0:
  version "3.0.0"
  resolved "https://registry.npmjs.org/cssesc/-/cssesc-3.0.0.tgz"

csstype@^3.0.2:
  version "3.0.10"
  resolved "https://registry.npmjs.org/csstype/-/csstype-3.0.10.tgz"

deepmerge@^4.2.2:
  version "4.2.2"
  resolved "https://registry.npmjs.org/deepmerge/-/deepmerge-4.2.2.tgz"

defined@^1.0.0:
  version "1.0.0"
  resolved "https://registry.npmjs.org/defined/-/defined-1.0.0.tgz"

delayed-stream@~1.0.0:
  version "1.0.0"
  resolved "https://registry.npmjs.org/delayed-stream/-/delayed-stream-1.0.0.tgz"

detective@^5.2.0:
  version "5.2.0"
  resolved "https://registry.npmjs.org/detective/-/detective-5.2.0.tgz"
  dependencies:
    acorn-node "^1.6.1"
    defined "^1.0.0"
    minimist "^1.1.1"

didyoumean@^1.2.2:
  version "1.2.2"
  resolved "https://registry.npmjs.org/didyoumean/-/didyoumean-1.2.2.tgz"

dlv@^1.1.3:
  version "1.1.3"
  resolved "https://registry.npmjs.org/dlv/-/dlv-1.1.3.tgz"

electron-to-chromium@^1.4.188:
  version "1.4.191"
  resolved "https://registry.yarnpkg.com/electron-to-chromium/-/electron-to-chromium-1.4.191.tgz#01dd4bf32502a48ce24bf3890b5553a1c5f93539"

emojis-list@^2.0.0:
  version "2.1.0"
  resolved "https://registry.npmjs.org/emojis-list/-/emojis-list-2.1.0.tgz"

error-ex@^1.3.1:
  version "1.3.2"
  resolved "https://registry.npmjs.org/error-ex/-/error-ex-1.3.2.tgz"
  dependencies:
    is-arrayish "^0.2.1"

escalade@^3.1.1:
  version "3.1.1"
  resolved "https://registry.npmjs.org/escalade/-/escalade-3.1.1.tgz"

escape-string-regexp@^1.0.5:
  version "1.0.5"
  resolved "https://registry.npmjs.org/escape-string-regexp/-/escape-string-regexp-1.0.5.tgz"

extract-files@^9.0.0:
  version "9.0.0"
  resolved "https://registry.npmjs.org/extract-files/-/extract-files-9.0.0.tgz"

fast-glob@^3.2.7:
  version "3.2.7"
  resolved "https://registry.npmjs.org/fast-glob/-/fast-glob-3.2.7.tgz"
  dependencies:
    "@nodelib/fs.stat" "^2.0.2"
    "@nodelib/fs.walk" "^1.2.3"
    glob-parent "^5.1.2"
    merge2 "^1.3.0"
    micromatch "^4.0.4"

fastq@^1.6.0:
  version "1.11.1"
  resolved "https://registry.npmjs.org/fastq/-/fastq-1.11.1.tgz"
  dependencies:
    reusify "^1.0.4"

fill-range@^7.0.1:
  version "7.0.1"
  resolved "https://registry.npmjs.org/fill-range/-/fill-range-7.0.1.tgz"
  dependencies:
    to-regex-range "^5.0.1"

follow-redirects@^1.14.0, follow-redirects@^1.14.8:
  version "1.15.1"
  resolved "https://registry.yarnpkg.com/follow-redirects/-/follow-redirects-1.15.1.tgz#0ca6a452306c9b276e4d3127483e29575e207ad5"

form-data@^3.0.0:
  version "3.0.1"
  resolved "https://registry.npmjs.org/form-data/-/form-data-3.0.1.tgz"
  dependencies:
    asynckit "^0.4.0"
    combined-stream "^1.0.8"
    mime-types "^2.1.12"

fraction.js@^4.2.0:
  version "4.2.0"
  resolved "https://registry.yarnpkg.com/fraction.js/-/fraction.js-4.2.0.tgz#448e5109a313a3527f5a3ab2119ec4cf0e0e2950"

fs-extra@^10.0.0:
  version "10.0.0"
  resolved "https://registry.npmjs.org/fs-extra/-/fs-extra-10.0.0.tgz"
  dependencies:
    graceful-fs "^4.2.0"
    jsonfile "^6.0.1"
    universalify "^2.0.0"

fs.realpath@^1.0.0:
  version "1.0.0"
  resolved "https://registry.npmjs.org/fs.realpath/-/fs.realpath-1.0.0.tgz"

fsevents@~2.3.2:
  version "2.3.2"
  resolved "https://registry.yarnpkg.com/fsevents/-/fsevents-2.3.2.tgz#8a526f78b8fdf4623b709e0b975c52c24c02fd1a"

function-bind@^1.1.1:
  version "1.1.1"
  resolved "https://registry.npmjs.org/function-bind/-/function-bind-1.1.1.tgz"

glob-parent@^5.1.2, glob-parent@~5.1.2:
  version "5.1.2"
  resolved "https://registry.npmjs.org/glob-parent/-/glob-parent-5.1.2.tgz"
  dependencies:
    is-glob "^4.0.1"

glob-parent@^6.0.0:
  version "6.0.1"
  resolved "https://registry.npmjs.org/glob-parent/-/glob-parent-6.0.1.tgz"
  dependencies:
    is-glob "^4.0.1"

glob@^7.0.0, glob@^7.1.3:
  version "7.1.7"
  resolved "https://registry.npmjs.org/glob/-/glob-7.1.7.tgz"
  dependencies:
    fs.realpath "^1.0.0"
    inflight "^1.0.4"
    inherits "2"
    minimatch "^3.0.4"
    once "^1.3.0"
    path-is-absolute "^1.0.0"

graceful-fs@^4.1.6, graceful-fs@^4.2.0:
  version "4.2.6"
  resolved "https://registry.npmjs.org/graceful-fs/-/graceful-fs-4.2.6.tgz"

graphql-request@^4.3.0:
  version "4.3.0"
  resolved "https://registry.yarnpkg.com/graphql-request/-/graphql-request-4.3.0.tgz#b934e08fcae764aa2cdc697d3c821f046cb5dbf2"
  dependencies:
    cross-fetch "^3.1.5"
    extract-files "^9.0.0"
    form-data "^3.0.0"

graphql@^16.2.0:
  version "16.2.0"
  resolved "https://registry.npmjs.org/graphql/-/graphql-16.2.0.tgz"

has-flag@^3.0.0:
  version "3.0.0"
  resolved "https://registry.npmjs.org/has-flag/-/has-flag-3.0.0.tgz"

has-flag@^4.0.0:
  version "4.0.0"
  resolved "https://registry.npmjs.org/has-flag/-/has-flag-4.0.0.tgz"

has@^1.0.3:
  version "1.0.3"
  resolved "https://registry.npmjs.org/has/-/has-1.0.3.tgz"
  dependencies:
    function-bind "^1.1.1"

html-tags@^3.1.0:
  version "3.1.0"
  resolved "https://registry.npmjs.org/html-tags/-/html-tags-3.1.0.tgz"

import-cwd@^3.0.0:
  version "3.0.0"
  resolved "https://registry.npmjs.org/import-cwd/-/import-cwd-3.0.0.tgz"
  dependencies:
    import-from "^3.0.0"

import-fresh@^3.2.1:
  version "3.3.0"
  resolved "https://registry.npmjs.org/import-fresh/-/import-fresh-3.3.0.tgz"
  dependencies:
    parent-module "^1.0.0"
    resolve-from "^4.0.0"

import-from@^3.0.0:
  version "3.0.0"
  resolved "https://registry.npmjs.org/import-from/-/import-from-3.0.0.tgz"
  dependencies:
    resolve-from "^5.0.0"

inflight@^1.0.4:
  version "1.0.6"
  resolved "https://registry.npmjs.org/inflight/-/inflight-1.0.6.tgz"
  dependencies:
    once "^1.3.0"
    wrappy "1"

inherits@2, inherits@^2.0.3, inherits@~2.0.4:
  version "2.0.4"
  resolved "https://registry.npmjs.org/inherits/-/inherits-2.0.4.tgz"

is-arrayish@^0.2.1:
  version "0.2.1"
  resolved "https://registry.npmjs.org/is-arrayish/-/is-arrayish-0.2.1.tgz"

is-arrayish@^0.3.1:
  version "0.3.2"
  resolved "https://registry.npmjs.org/is-arrayish/-/is-arrayish-0.3.2.tgz"

is-binary-path@~2.1.0:
  version "2.1.0"
  resolved "https://registry.npmjs.org/is-binary-path/-/is-binary-path-2.1.0.tgz"
  dependencies:
    binary-extensions "^2.0.0"

is-core-module@^2.2.0:
  version "2.5.0"
  resolved "https://registry.npmjs.org/is-core-module/-/is-core-module-2.5.0.tgz"
  dependencies:
    has "^1.0.3"

is-extglob@^2.1.1:
  version "2.1.1"
  resolved "https://registry.npmjs.org/is-extglob/-/is-extglob-2.1.1.tgz"

is-glob@^4.0.1, is-glob@~4.0.1:
  version "4.0.1"
  resolved "https://registry.npmjs.org/is-glob/-/is-glob-4.0.1.tgz"
  dependencies:
    is-extglob "^2.1.1"

is-number@^7.0.0:
  version "7.0.0"
  resolved "https://registry.npmjs.org/is-number/-/is-number-7.0.0.tgz"

jest-worker@27.0.0-next.5:
  version "27.0.0-next.5"
  resolved "https://registry.npmjs.org/jest-worker/-/jest-worker-27.0.0-next.5.tgz"
  dependencies:
    "@types/node" "*"
    merge-stream "^2.0.0"
    supports-color "^8.0.0"

js-cookie@^2.2.1:
  version "2.2.1"
  resolved "https://registry.npmjs.org/js-cookie/-/js-cookie-2.2.1.tgz"

"js-tokens@^3.0.0 || ^4.0.0", js-tokens@^4.0.0:
  version "4.0.0"
  resolved "https://registry.npmjs.org/js-tokens/-/js-tokens-4.0.0.tgz"

json-parse-even-better-errors@^2.3.0:
  version "2.3.1"
  resolved "https://registry.npmjs.org/json-parse-even-better-errors/-/json-parse-even-better-errors-2.3.1.tgz"

json5@^1.0.1:
  version "1.0.1"
  resolved "https://registry.npmjs.org/json5/-/json5-1.0.1.tgz"
  dependencies:
    minimist "^1.2.0"

jsonfile@^6.0.1:
  version "6.1.0"
  resolved "https://registry.npmjs.org/jsonfile/-/jsonfile-6.1.0.tgz"
  dependencies:
    universalify "^2.0.0"
  optionalDependencies:
    graceful-fs "^4.1.6"

lilconfig@^2.0.3:
  version "2.0.3"
  resolved "https://registry.npmjs.org/lilconfig/-/lilconfig-2.0.3.tgz"

lines-and-columns@^1.1.6:
  version "1.1.6"
  resolved "https://registry.npmjs.org/lines-and-columns/-/lines-and-columns-1.1.6.tgz"

loader-utils@1.2.3:
  version "1.2.3"
  resolved "https://registry.npmjs.org/loader-utils/-/loader-utils-1.2.3.tgz"
  dependencies:
    big.js "^5.2.2"
    emojis-list "^2.0.0"
    json5 "^1.0.1"

lodash.toarray@^4.4.0:
  version "4.4.0"
  resolved "https://registry.npmjs.org/lodash.toarray/-/lodash.toarray-4.4.0.tgz"

lodash.topath@^4.5.2:
  version "4.5.2"
  resolved "https://registry.npmjs.org/lodash.topath/-/lodash.topath-4.5.2.tgz"

lodash@^4.17.21:
  version "4.17.21"
  resolved "https://registry.npmjs.org/lodash/-/lodash-4.17.21.tgz"

loose-envify@^1.1.0, loose-envify@^1.4.0:
  version "1.4.0"
  resolved "https://registry.npmjs.org/loose-envify/-/loose-envify-1.4.0.tgz"
  dependencies:
    js-tokens "^3.0.0 || ^4.0.0"

merge-stream@^2.0.0:
  version "2.0.0"
  resolved "https://registry.npmjs.org/merge-stream/-/merge-stream-2.0.0.tgz"

merge2@^1.3.0:
  version "1.4.1"
  resolved "https://registry.npmjs.org/merge2/-/merge2-1.4.1.tgz"

micromatch@^4.0.4:
  version "4.0.4"
  resolved "https://registry.npmjs.org/micromatch/-/micromatch-4.0.4.tgz"
  dependencies:
    braces "^3.0.1"
    picomatch "^2.2.3"

mime-db@1.51.0:
  version "1.51.0"
  resolved "https://registry.npmjs.org/mime-db/-/mime-db-1.51.0.tgz"

mime-types@^2.1.12:
  version "2.1.34"
  resolved "https://registry.npmjs.org/mime-types/-/mime-types-2.1.34.tgz"
  dependencies:
    mime-db "1.51.0"

minimatch@^3.0.4:
  version "3.0.4"
  resolved "https://registry.npmjs.org/minimatch/-/minimatch-3.0.4.tgz"
  dependencies:
    brace-expansion "^1.1.7"

minimist@^1.1.1, minimist@^1.2.0:
  version "1.2.5"
  resolved "https://registry.npmjs.org/minimist/-/minimist-1.2.5.tgz"

modern-normalize@^1.1.0:
  version "1.1.0"
  resolved "https://registry.npmjs.org/modern-normalize/-/modern-normalize-1.1.0.tgz"

nanoid@^3.1.23, nanoid@^3.3.4:
  version "3.3.4"
  resolved "https://registry.yarnpkg.com/nanoid/-/nanoid-3.3.4.tgz#730b67e3cd09e2deacf03c027c81c9d9dbc5e8ab"

next-themes@0.0.15:
  version "0.0.15"
  resolved "https://registry.npmjs.org/next-themes/-/next-themes-0.0.15.tgz"

next@^12.0.8:
  version "12.0.8"
  resolved "https://registry.npmjs.org/next/-/next-12.0.8.tgz"
  dependencies:
    "@next/env" "12.0.8"
    "@next/react-refresh-utils" "12.0.8"
    caniuse-lite "^1.0.30001283"
    jest-worker "27.0.0-next.5"
    node-fetch "2.6.1"
    postcss "8.2.15"
    react-is "17.0.2"
    react-refresh "0.8.3"
    stream-browserify "3.0.0"
    styled-jsx "5.0.0-beta.6"
    use-subscription "1.5.1"
  optionalDependencies:
    "@next/swc-android-arm64" "12.0.8"
    "@next/swc-darwin-arm64" "12.0.8"
    "@next/swc-darwin-x64" "12.0.8"
    "@next/swc-linux-arm-gnueabihf" "12.0.8"
    "@next/swc-linux-arm64-gnu" "12.0.8"
    "@next/swc-linux-arm64-musl" "12.0.8"
    "@next/swc-linux-x64-gnu" "12.0.8"
    "@next/swc-linux-x64-musl" "12.0.8"
    "@next/swc-win32-arm64-msvc" "12.0.8"
    "@next/swc-win32-ia32-msvc" "12.0.8"
    "@next/swc-win32-x64-msvc" "12.0.8"

node-emoji@^1.8.1:
  version "1.10.0"
  resolved "https://registry.npmjs.org/node-emoji/-/node-emoji-1.10.0.tgz"
  dependencies:
    lodash.toarray "^4.4.0"

node-fetch@2.6.1:
  version "2.6.1"
  resolved "https://registry.npmjs.org/node-fetch/-/node-fetch-2.6.1.tgz"

node-fetch@2.6.7:
  version "2.6.7"
  resolved "https://registry.npmjs.org/node-fetch/-/node-fetch-2.6.7.tgz"
  dependencies:
    whatwg-url "^5.0.0"

node-releases@^2.0.6:
  version "2.0.6"
  resolved "https://registry.yarnpkg.com/node-releases/-/node-releases-2.0.6.tgz#8a7088c63a55e493845683ebf3c828d8c51c5503"

normalize-path@^3.0.0, normalize-path@~3.0.0:
  version "3.0.0"
  resolved "https://registry.npmjs.org/normalize-path/-/normalize-path-3.0.0.tgz"

normalize-range@^0.1.2:
  version "0.1.2"
  resolved "https://registry.npmjs.org/normalize-range/-/normalize-range-0.1.2.tgz"

object-assign@^4.1.1:
  version "4.1.1"
  resolved "https://registry.npmjs.org/object-assign/-/object-assign-4.1.1.tgz"

object-hash@^2.2.0:
  version "2.2.0"
  resolved "https://registry.npmjs.org/object-hash/-/object-hash-2.2.0.tgz"

once@^1.3.0:
  version "1.4.0"
  resolved "https://registry.npmjs.org/once/-/once-1.4.0.tgz"
  dependencies:
    wrappy "1"

parent-module@^1.0.0:
  version "1.0.1"
  resolved "https://registry.npmjs.org/parent-module/-/parent-module-1.0.1.tgz"
  dependencies:
    callsites "^3.0.0"

parse-json@^5.0.0:
  version "5.2.0"
  resolved "https://registry.npmjs.org/parse-json/-/parse-json-5.2.0.tgz"
  dependencies:
    "@babel/code-frame" "^7.0.0"
    error-ex "^1.3.1"
    json-parse-even-better-errors "^2.3.0"
    lines-and-columns "^1.1.6"

path-is-absolute@^1.0.0:
  version "1.0.1"
  resolved "https://registry.npmjs.org/path-is-absolute/-/path-is-absolute-1.0.1.tgz"

path-parse@^1.0.6:
  version "1.0.7"
  resolved "https://registry.npmjs.org/path-parse/-/path-parse-1.0.7.tgz"

path-type@^4.0.0:
  version "4.0.0"
  resolved "https://registry.npmjs.org/path-type/-/path-type-4.0.0.tgz"

picocolors@^1.0.0:
  version "1.0.0"
  resolved "https://registry.npmjs.org/picocolors/-/picocolors-1.0.0.tgz"

picomatch@^2.0.4, picomatch@^2.2.1, picomatch@^2.2.3:
  version "2.3.0"
  resolved "https://registry.npmjs.org/picomatch/-/picomatch-2.3.0.tgz"

postcss-js@^3.0.3:
  version "3.0.3"
  resolved "https://registry.npmjs.org/postcss-js/-/postcss-js-3.0.3.tgz"
  dependencies:
    camelcase-css "^2.0.1"
    postcss "^8.1.6"

postcss-load-config@^3.1.0:
  version "3.1.0"
  resolved "https://registry.npmjs.org/postcss-load-config/-/postcss-load-config-3.1.0.tgz"
  dependencies:
    import-cwd "^3.0.0"
    lilconfig "^2.0.3"
    yaml "^1.10.2"

postcss-nested@5.0.5:
  version "5.0.5"
  resolved "https://registry.npmjs.org/postcss-nested/-/postcss-nested-5.0.5.tgz"
  dependencies:
    postcss-selector-parser "^6.0.4"

postcss-selector-parser@^6.0.2, postcss-selector-parser@^6.0.4, postcss-selector-parser@^6.0.6:
  version "6.0.6"
  resolved "https://registry.npmjs.org/postcss-selector-parser/-/postcss-selector-parser-6.0.6.tgz"
  dependencies:
    cssesc "^3.0.0"
    util-deprecate "^1.0.2"

postcss-value-parser@^3.3.0:
  version "3.3.1"
  resolved "https://registry.npmjs.org/postcss-value-parser/-/postcss-value-parser-3.3.1.tgz"

postcss-value-parser@^4.1.0, postcss-value-parser@^4.2.0:
  version "4.2.0"
  resolved "https://registry.yarnpkg.com/postcss-value-parser/-/postcss-value-parser-4.2.0.tgz#723c09920836ba6d3e5af019f92bc0971c02e514"

postcss@8.2.15:
  version "8.2.15"
  resolved "https://registry.npmjs.org/postcss/-/postcss-8.2.15.tgz"
  dependencies:
    colorette "^1.2.2"
    nanoid "^3.1.23"
    source-map "^0.6.1"

postcss@^8.1.6, postcss@^8.2.1, postcss@^8.4.14:
  version "8.4.14"
  resolved "https://registry.yarnpkg.com/postcss/-/postcss-8.4.14.tgz#ee9274d5622b4858c1007a74d76e42e56fd21caf"
  dependencies:
    nanoid "^3.3.4"
    picocolors "^1.0.0"
    source-map-js "^1.0.2"

pretty-hrtime@^1.0.3:
  version "1.0.3"
  resolved "https://registry.npmjs.org/pretty-hrtime/-/pretty-hrtime-1.0.3.tgz"

prop-types@^15.7.2:
  version "15.8.1"
  resolved "https://registry.npmjs.org/prop-types/-/prop-types-15.8.1.tgz"
  dependencies:
    loose-envify "^1.4.0"
    object-assign "^4.1.1"
    react-is "^16.13.1"

purgecss@^4.0.3:
  version "4.0.3"
  resolved "https://registry.npmjs.org/purgecss/-/purgecss-4.0.3.tgz"
  dependencies:
    commander "^6.0.0"
    glob "^7.0.0"
    postcss "^8.2.1"
    postcss-selector-parser "^6.0.2"

queue-microtask@^1.2.2:
  version "1.2.3"
  resolved "https://registry.npmjs.org/queue-microtask/-/queue-microtask-1.2.3.tgz"

quick-lru@^5.1.1:
  version "5.1.1"
  resolved "https://registry.npmjs.org/quick-lru/-/quick-lru-5.1.1.tgz"

react-cookie-consent@^7.5.0:
  version "7.5.0"
  resolved "https://registry.yarnpkg.com/react-cookie-consent/-/react-cookie-consent-7.5.0.tgz#289e391f134f42fc02c16e83f67ae4790e1e08a3"
  dependencies:
    js-cookie "^2.2.1"
    prop-types "^15.7.2"

react-dom@^17.0.2:
  version "17.0.2"
  resolved "https://registry.npmjs.org/react-dom/-/react-dom-17.0.2.tgz"
  dependencies:
    loose-envify "^1.1.0"
    object-assign "^4.1.1"
    scheduler "^0.20.2"

react-hook-form@^7.33.1:
  version "7.33.1"
  resolved "https://registry.yarnpkg.com/react-hook-form/-/react-hook-form-7.33.1.tgz#8c4410e3420788d3b804d62cc4c142915c2e46d0"

react-is@17.0.2:
  version "17.0.2"
  resolved "https://registry.npmjs.org/react-is/-/react-is-17.0.2.tgz"

react-is@^16.13.1:
  version "16.13.1"
  resolved "https://registry.npmjs.org/react-is/-/react-is-16.13.1.tgz"

react-refresh@0.8.3:
  version "0.8.3"
  resolved "https://registry.npmjs.org/react-refresh/-/react-refresh-0.8.3.tgz"

react-rough-notation@^1.0.1:
  version "1.0.1"
  resolved "https://registry.npmjs.org/react-rough-notation/-/react-rough-notation-1.0.1.tgz"
  dependencies:
    rough-notation "^0.4.0"

react@^17.0.2:
  version "17.0.2"
  resolved "https://registry.npmjs.org/react/-/react-17.0.2.tgz"
  dependencies:
    loose-envify "^1.1.0"
    object-assign "^4.1.1"

readable-stream@^3.5.0:
  version "3.6.0"
  resolved "https://registry.npmjs.org/readable-stream/-/readable-stream-3.6.0.tgz"
  dependencies:
    inherits "^2.0.3"
    string_decoder "^1.1.1"
    util-deprecate "^1.0.1"

readdirp@~3.6.0:
  version "3.6.0"
  resolved "https://registry.npmjs.org/readdirp/-/readdirp-3.6.0.tgz"
  dependencies:
    picomatch "^2.2.1"

reduce-css-calc@^2.1.8:
  version "2.1.8"
  resolved "https://registry.npmjs.org/reduce-css-calc/-/reduce-css-calc-2.1.8.tgz"
  dependencies:
    css-unit-converter "^1.1.1"
    postcss-value-parser "^3.3.0"

resolve-from@^4.0.0:
  version "4.0.0"
  resolved "https://registry.npmjs.org/resolve-from/-/resolve-from-4.0.0.tgz"

resolve-from@^5.0.0:
  version "5.0.0"
  resolved "https://registry.npmjs.org/resolve-from/-/resolve-from-5.0.0.tgz"

resolve@^1.20.0:
  version "1.20.0"
  resolved "https://registry.npmjs.org/resolve/-/resolve-1.20.0.tgz"
  dependencies:
    is-core-module "^2.2.0"
    path-parse "^1.0.6"

reusify@^1.0.4:
  version "1.0.4"
  resolved "https://registry.npmjs.org/reusify/-/reusify-1.0.4.tgz"

rimraf@^3.0.0:
  version "3.0.2"
  resolved "https://registry.npmjs.org/rimraf/-/rimraf-3.0.2.tgz"
  dependencies:
    glob "^7.1.3"

rough-notation@^0.4.0:
  version "0.4.0"
  resolved "https://registry.npmjs.org/rough-notation/-/rough-notation-0.4.0.tgz"

run-parallel@^1.1.9:
  version "1.2.0"
  resolved "https://registry.npmjs.org/run-parallel/-/run-parallel-1.2.0.tgz"
  dependencies:
    queue-microtask "^1.2.2"

rxjs@^7.5.2:
  version "7.5.2"
  resolved "https://registry.npmjs.org/rxjs/-/rxjs-7.5.2.tgz"
  dependencies:
    tslib "^2.1.0"

safe-buffer@~5.1.1:
  version "5.1.2"
  resolved "https://registry.npmjs.org/safe-buffer/-/safe-buffer-5.1.2.tgz"

safe-buffer@~5.2.0:
  version "5.2.1"
  resolved "https://registry.npmjs.org/safe-buffer/-/safe-buffer-5.2.1.tgz"

scheduler@^0.20.2:
  version "0.20.2"
  resolved "https://registry.npmjs.org/scheduler/-/scheduler-0.20.2.tgz"
  dependencies:
    loose-envify "^1.1.0"
    object-assign "^4.1.1"

simple-swizzle@^0.2.2:
  version "0.2.2"
  resolved "https://registry.npmjs.org/simple-swizzle/-/simple-swizzle-0.2.2.tgz"
  dependencies:
    is-arrayish "^0.3.1"

source-map-js@^1.0.2:
  version "1.0.2"
  resolved "https://registry.yarnpkg.com/source-map-js/-/source-map-js-1.0.2.tgz#adbc361d9c62df380125e7f161f71c826f1e490c"

source-map@0.7.3:
  version "0.7.3"
  resolved "https://registry.npmjs.org/source-map/-/source-map-0.7.3.tgz"

source-map@^0.6.1:
  version "0.6.1"
  resolved "https://registry.npmjs.org/source-map/-/source-map-0.6.1.tgz"

stream-browserify@3.0.0:
  version "3.0.0"
  resolved "https://registry.npmjs.org/stream-browserify/-/stream-browserify-3.0.0.tgz"
  dependencies:
    inherits "~2.0.4"
    readable-stream "^3.5.0"

string-hash@1.1.3:
  version "1.1.3"
  resolved "https://registry.npmjs.org/string-hash/-/string-hash-1.1.3.tgz"

string_decoder@^1.1.1:
  version "1.3.0"
  resolved "https://registry.npmjs.org/string_decoder/-/string_decoder-1.3.0.tgz"
  dependencies:
    safe-buffer "~5.2.0"

styled-jsx@5.0.0-beta.6:
  version "5.0.0-beta.6"
  resolved "https://registry.npmjs.org/styled-jsx/-/styled-jsx-5.0.0-beta.6.tgz"
  dependencies:
    "@babel/plugin-syntax-jsx" "7.14.5"
    "@babel/types" "7.15.0"
    convert-source-map "1.7.0"
    loader-utils "1.2.3"
    source-map "0.7.3"
    string-hash "1.1.3"
    stylis "3.5.4"
    stylis-rule-sheet "0.0.10"

stylis-rule-sheet@0.0.10:
  version "0.0.10"
  resolved "https://registry.npmjs.org/stylis-rule-sheet/-/stylis-rule-sheet-0.0.10.tgz"

stylis@3.5.4:
  version "3.5.4"
  resolved "https://registry.npmjs.org/stylis/-/stylis-3.5.4.tgz"

supports-color@^5.3.0:
  version "5.5.0"
  resolved "https://registry.npmjs.org/supports-color/-/supports-color-5.5.0.tgz"
  dependencies:
    has-flag "^3.0.0"

supports-color@^7.1.0:
  version "7.2.0"
  resolved "https://registry.npmjs.org/supports-color/-/supports-color-7.2.0.tgz"
  dependencies:
    has-flag "^4.0.0"

supports-color@^8.0.0:
  version "8.1.1"
  resolved "https://registry.npmjs.org/supports-color/-/supports-color-8.1.1.tgz"
  dependencies:
    has-flag "^4.0.0"

tailwindcss@^2.2.7:
  version "2.2.7"
  resolved "https://registry.npmjs.org/tailwindcss/-/tailwindcss-2.2.7.tgz"
  dependencies:
    arg "^5.0.0"
    bytes "^3.0.0"
    chalk "^4.1.1"
    chokidar "^3.5.2"
    color "^3.2.0"
    cosmiconfig "^7.0.0"
    detective "^5.2.0"
    didyoumean "^1.2.2"
    dlv "^1.1.3"
    fast-glob "^3.2.7"
    fs-extra "^10.0.0"
    glob-parent "^6.0.0"
    html-tags "^3.1.0"
    is-glob "^4.0.1"
    lodash "^4.17.21"
    lodash.topath "^4.5.2"
    modern-normalize "^1.1.0"
    node-emoji "^1.8.1"
    normalize-path "^3.0.0"
    object-hash "^2.2.0"
    postcss-js "^3.0.3"
    postcss-load-config "^3.1.0"
    postcss-nested "5.0.5"
    postcss-selector-parser "^6.0.6"
    postcss-value-parser "^4.1.0"
    pretty-hrtime "^1.0.3"
    purgecss "^4.0.3"
    quick-lru "^5.1.1"
    reduce-css-calc "^2.1.8"
    resolve "^1.20.0"
    tmp "^0.2.1"

tmp@^0.2.1:
  version "0.2.1"
  resolved "https://registry.npmjs.org/tmp/-/tmp-0.2.1.tgz"
  dependencies:
    rimraf "^3.0.0"

to-fast-properties@^2.0.0:
  version "2.0.0"
  resolved "https://registry.npmjs.org/to-fast-properties/-/to-fast-properties-2.0.0.tgz"

to-regex-range@^5.0.1:
  version "5.0.1"
  resolved "https://registry.npmjs.org/to-regex-range/-/to-regex-range-5.0.1.tgz"
  dependencies:
    is-number "^7.0.0"

tr46@~0.0.3:
  version "0.0.3"
  resolved "https://registry.npmjs.org/tr46/-/tr46-0.0.3.tgz"

tslib@^2.1.0:
  version "2.3.1"
  resolved "https://registry.npmjs.org/tslib/-/tslib-2.3.1.tgz"

universalify@^2.0.0:
  version "2.0.0"
  resolved "https://registry.npmjs.org/universalify/-/universalify-2.0.0.tgz"

update-browserslist-db@^1.0.4:
  version "1.0.4"
  resolved "https://registry.yarnpkg.com/update-browserslist-db/-/update-browserslist-db-1.0.4.tgz#dbfc5a789caa26b1db8990796c2c8ebbce304824"
  dependencies:
    escalade "^3.1.1"
    picocolors "^1.0.0"

use-subscription@1.5.1:
  version "1.5.1"
  resolved "https://registry.npmjs.org/use-subscription/-/use-subscription-1.5.1.tgz"
  dependencies:
    object-assign "^4.1.1"

util-deprecate@^1.0.1, util-deprecate@^1.0.2:
  version "1.0.2"
  resolved "https://registry.npmjs.org/util-deprecate/-/util-deprecate-1.0.2.tgz"

webidl-conversions@^3.0.0:
  version "3.0.1"
  resolved "https://registry.npmjs.org/webidl-conversions/-/webidl-conversions-3.0.1.tgz"

whatwg-url@^5.0.0:
  version "5.0.0"
  resolved "https://registry.npmjs.org/whatwg-url/-/whatwg-url-5.0.0.tgz"
  dependencies:
    tr46 "~0.0.3"
    webidl-conversions "^3.0.0"

wrappy@1:
  version "1.0.2"
  resolved "https://registry.npmjs.org/wrappy/-/wrappy-1.0.2.tgz"

xtend@^4.0.2:
  version "4.0.2"
  resolved "https://registry.npmjs.org/xtend/-/xtend-4.0.2.tgz"

yaml@^1.10.0, yaml@^1.10.2:
  version "1.10.2"
  resolved "https://registry.npmjs.org/yaml/-/yaml-1.10.2.tgz"
